
Microsoft Visual Studio Solution File, Format Version 12.00
# Visual Studio Version 17
VisualStudioVersion = 17.9.34310.174
MinimumVisualStudioVersion = 10.0.40219.1
Project("{FAE04EC0-301F-11D3-BF4B-00C04F79EFBC}") = "Emulator", "Emulator\Emulator.csproj", "{52D59519-B58C-4582-9961-780A34BC3E65}"
EndProject
Project("{FAE04EC0-301F-11D3-BF4B-00C04F79EFBC}") = "Docs", "Docs\Docs.csproj", "{EC8FBF18-25EB-44A8-AA8B-45006A47D85A}"
EndProject
Project("{2150E333-8FDC-42A3-9474-1A3956D46DE8}") = "Misc", "Misc", "{73991916-3812-4B0F-853B-4C74201EB769}"
	ProjectSection(SolutionItems) = preProject
		.gitignore = .gitignore
		Directory.Build.props = Directory.Build.props
		LICENSE.txt = LICENSE.txt
		README.md = README.md
	EndProjectSection
EndProject
Project("{FAE04EC0-301F-11D3-BF4B-00C04F79EFBC}") = "BinUtils", "BinUtils\BinUtils.csproj", "{F582937A-1B09-4E11-A8AD-43C108CE78A9}"
EndProject
Project("{FAE04EC0-301F-11D3-BF4B-00C04F79EFBC}") = "ReplicaConsole", "ReplicaConsole\ReplicaConsole.csproj", "{9B24F9DB-6F67-4416-BF18-5161454B3BA0}"
EndProject
Project("{2150E333-8FDC-42A3-9474-1A3956D46DE8}") = "Tests", "Tests", "{5FBB96E5-EBAF-4BBF-97B1-B4DB590DF3AA}"
EndProject
Project("{FAE04EC0-301F-11D3-BF4B-00C04F79EFBC}") = "BinUtilsTests", "BinUtilsTests\BinUtilsTests.csproj", "{974BCDF3-B4ED-4A24-9847-E864A05488B3}"
EndProject
Project("{FAE04EC0-301F-11D3-BF4B-00C04F79EFBC}") = "EmulatorTests", "EmulatorTests\EmulatorTests.csproj", "{7D00307B-4899-416D-A7F1-286C6B1D6715}"
EndProject
Global
	GlobalSection(SolutionConfigurationPlatforms) = preSolution
		Debug|Any CPU = Debug|Any CPU
		Release|Any CPU = Release|Any CPU
	EndGlobalSection
	GlobalSection(ProjectConfigurationPlatforms) = postSolution
		{52D59519-B58C-4582-9961-780A34BC3E65}.Debug|Any CPU.ActiveCfg = Debug|Any CPU
		{52D59519-B58C-4582-9961-780A34BC3E65}.Debug|Any CPU.Build.0 = Debug|Any CPU
		{52D59519-B58C-4582-9961-780A34BC3E65}.Release|Any CPU.ActiveCfg = Release|Any CPU
		{52D59519-B58C-4582-9961-780A34BC3E65}.Release|Any CPU.Build.0 = Release|Any CPU
		{EC8FBF18-25EB-44A8-AA8B-45006A47D85A}.Debug|Any CPU.ActiveCfg = Debug|Any CPU
		{EC8FBF18-25EB-44A8-AA8B-45006A47D85A}.Debug|Any CPU.Build.0 = Debug|Any CPU
		{EC8FBF18-25EB-44A8-AA8B-45006A47D85A}.Release|Any CPU.ActiveCfg = Release|Any CPU
		{EC8FBF18-25EB-44A8-AA8B-45006A47D85A}.Release|Any CPU.Build.0 = Release|Any CPU
		{F582937A-1B09-4E11-A8AD-43C108CE78A9}.Debug|Any CPU.ActiveCfg = Debug|Any CPU
		{F582937A-1B09-4E11-A8AD-43C108CE78A9}.Debug|Any CPU.Build.0 = Debug|Any CPU
		{F582937A-1B09-4E11-A8AD-43C108CE78A9}.Release|Any CPU.ActiveCfg = Release|Any CPU
		{F582937A-1B09-4E11-A8AD-43C108CE78A9}.Release|Any CPU.Build.0 = Release|Any CPU
		{9B24F9DB-6F67-4416-BF18-5161454B3BA0}.Debug|Any CPU.ActiveCfg = Debug|Any CPU
		{9B24F9DB-6F67-4416-BF18-5161454B3BA0}.Debug|Any CPU.Build.0 = Debug|Any CPU
		{9B24F9DB-6F67-4416-BF18-5161454B3BA0}.Release|Any CPU.ActiveCfg = Release|Any CPU
		{9B24F9DB-6F67-4416-BF18-5161454B3BA0}.Release|Any CPU.Build.0 = Release|Any CPU
		{974BCDF3-B4ED-4A24-9847-E864A05488B3}.Debug|Any CPU.ActiveCfg = Debug|Any CPU
		{974BCDF3-B4ED-4A24-9847-E864A05488B3}.Debug|Any CPU.Build.0 = Debug|Any CPU
		{974BCDF3-B4ED-4A24-9847-E864A05488B3}.Release|Any CPU.ActiveCfg = Release|Any CPU
		{974BCDF3-B4ED-4A24-9847-E864A05488B3}.Release|Any CPU.Build.0 = Release|Any CPU
		{7D00307B-4899-416D-A7F1-286C6B1D6715}.Debug|Any CPU.ActiveCfg = Debug|Any CPU
		{7D00307B-4899-416D-A7F1-286C6B1D6715}.Debug|Any CPU.Build.0 = Debug|Any CPU
		{7D00307B-4899-416D-A7F1-286C6B1D6715}.Release|Any CPU.ActiveCfg = Release|Any CPU
		{7D00307B-4899-416D-A7F1-286C6B1D6715}.Release|Any CPU.Build.0 = Release|Any CPU
	EndGlobalSection
	GlobalSection(SolutionProperties) = preSolution
		HideSolutionNode = FALSE
	EndGlobalSection
	GlobalSection(NestedProjects) = preSolution
		{974BCDF3-B4ED-4A24-9847-E864A05488B3} = {5FBB96E5-EBAF-4BBF-97B1-B4DB590DF3AA}
		{7D00307B-4899-416D-A7F1-286C6B1D6715} = {5FBB96E5-EBAF-4BBF-97B1-B4DB590DF3AA}
	EndGlobalSection
	GlobalSection(ExtensibilityGlobals) = postSolution
		SolutionGuid = {C0F5B718-23C7-46BD-B437-1F31A41E7DFE}
	EndGlobalSection
EndGlobal
